{
  "requires": true,
  "lockfileVersion": 1,
  "dependencies": {
    "@types/sortablejs": {
      "version": "1.10.2",
      "resolved": "https://registry.npmjs.org/@types/sortablejs/-/sortablejs-1.10.2.tgz",
      "integrity": "sha512-aWK2oTpbjNmLyexl95L4ttd0kFIvbMIf1JR2YbNhUwIk9Y1cOwfAfyvfxBBmtg1ZDy64gpbgEdFjyqnzjh+3/A==",
      "dev": true
    },
    "sortablejs": {
      "version": "1.10.2",
      "resolved": "https://registry.npmjs.org/sortablejs/-/sortablejs-1.10.2.tgz",
      "integrity": "sha512-YkPGufevysvfwn5rfdlGyrGjt7/CRHwvRPogD/lC+TnvcN29jDpCifKP+rBqf+LRldfXSTh+0CGLcSg0VIxq3A=="
    }
  }
}
